{
  "name": "versionchecker",
  "version": "1.0.0",
  "lockfileVersion": 1,
  "requires": true,
  "dependencies": {
    "@actions/core": {
      "version": "1.2.3",
      "resolved": "https://registry.npmjs.org/@actions/core/-/core-1.2.3.tgz",
      "integrity": "sha512-Wp4xnyokakM45Uuj4WLUxdsa8fJjKVl1fDTsPbTEcTcuu0Nb26IPQbOtjmnfaCPGcaoPOOqId8H9NapZ8gii4w=="
    },
    "execSync": {
      "version": "1.0.2",
      "resolved": "https://registry.npmjs.org/execSync/-/execSync-1.0.2.tgz",
      "integrity": "sha1-H0LtpYIiUYAFMiTs3T/Rlg/bMTk=",
      "requires": {
        "temp": "~0.5.1"
      }
    },
    "graceful-fs": {
      "version": "1.2.3",
      "resolved": "https://registry.npmjs.org/graceful-fs/-/graceful-fs-1.2.3.tgz",
      "integrity": "sha1-FaSAaldUfLLS2/J/QuiajDRRs2Q=",
      "optional": true
    },
    "rimraf": {
      "version": "2.1.4",
      "resolved": "https://registry.npmjs.org/rimraf/-/rimraf-2.1.4.tgz",
      "integrity": "sha1-Wm62Lu2gaPUe3lDymz5c0i89m7I=",
      "requires": {
        "graceful-fs": "~1"
      }
    },
    "semver": {
      "version": "7.2.1",
      "resolved": "https://registry.npmjs.org/semver/-/semver-7.2.1.tgz",
      "integrity": "sha512-aHhm1pD02jXXkyIpq25qBZjr3CQgg8KST8uX0OWXch3xE6jw+1bfbWnCjzMwojsTquroUmKFHNzU6x26mEiRxw=="
    },
    "temp": {
      "version": "0.5.1",
      "resolved": "https://registry.npmjs.org/temp/-/temp-0.5.1.tgz",
      "integrity": "sha1-d6sZx5qntZPL5PrCRBdoytmHuN8=",
      "requires": {
        "rimraf": "~2.1.4"
      }
    }
  }
}
